
Microsoft Visual Studio Solution File, Format Version 12.00
# Visual Studio 14
VisualStudioVersion = 14.0.25420.1
MinimumVisualStudioVersion = 10.0.40219.1
Project("{FAE04EC0-301F-11D3-BF4B-00C04F79EFBC}") = "QuanLyNhanSu", "QuanLyNhanSu\QuanLyNhanSu.csproj", "{B828ED40-9CDB-4A82-A1FB-C5B6E4845289}"
EndProject
Global
	GlobalSection(SolutionConfigurationPlatforms) = preSolution
		Debug|Any CPU = Debug|Any CPU
		Release|Any CPU = Release|Any CPU
	EndGlobalSection
	GlobalSection(ProjectConfigurationPlatforms) = postSolution
		{B828ED40-9CDB-4A82-A1FB-C5B6E4845289}.Debug|Any CPU.ActiveCfg = Debug|Any CPU
		{B828ED40-9CDB-4A82-A1FB-C5B6E4845289}.Debug|Any CPU.Build.0 = Debug|Any CPU
		{B828ED40-9CDB-4A82-A1FB-C5B6E4845289}.Release|Any CPU.ActiveCfg = Release|Any CPU
		{B828ED40-9CDB-4A82-A1FB-C5B6E4845289}.Release|Any CPU.Build.0 = Release|Any CPU
	EndGlobalSection
	GlobalSection(SolutionProperties) = preSolution
		HideSolutionNode = FALSE
	EndGlobalSection
EndGlobal
